
Microsoft Visual Studio Solution File, Format Version 12.00
# Visual Studio Version 17
VisualStudioVersion = 17.5.33516.290
MinimumVisualStudioVersion = 10.0.40219.1
Project("{FAE04EC0-301F-11D3-BF4B-00C04F79EFBC}") = "TestProject1", "TestProject1\TestProject1.csproj", "{66AF7E6A-EB1E-47FC-B402-FD912BC9BFFF}"
EndProject
Global
	GlobalSection(SolutionConfigurationPlatforms) = preSolution
		Debug|Any CPU = Debug|Any CPU
		Release|Any CPU = Release|Any CPU
	EndGlobalSection
	GlobalSection(ProjectConfigurationPlatforms) = postSolution
		{66AF7E6A-EB1E-47FC-B402-FD912BC9BFFF}.Debug|Any CPU.ActiveCfg = Debug|Any CPU
		{66AF7E6A-EB1E-47FC-B402-FD912BC9BFFF}.Debug|Any CPU.Build.0 = Debug|Any CPU
		{66AF7E6A-EB1E-47FC-B402-FD912BC9BFFF}.Release|Any CPU.ActiveCfg = Release|Any CPU
		{66AF7E6A-EB1E-47FC-B402-FD912BC9BFFF}.Release|Any CPU.Build.0 = Release|Any CPU
	EndGlobalSection
	GlobalSection(SolutionProperties) = preSolution
		HideSolutionNode = FALSE
	EndGlobalSection
	GlobalSection(ExtensibilityGlobals) = postSolution
		SolutionGuid = {44DC290C-654B-48D5-B026-A7410328BDFB}
	EndGlobalSection
EndGlobal
